
Microsoft Visual Studio Solution File, Format Version 12.00
# Visual Studio 15
VisualStudioVersion = 15.0.28307.329
MinimumVisualStudioVersion = 10.0.40219.1
Project("{FAE04EC0-301F-11D3-BF4B-00C04F79EFBC}") = "core_webapi", "core_webapi\core_webapi.csproj", "{AFDDBF88-1226-4FD0-B1DD-9FB0095E11DC}"
EndProject
Global
	GlobalSection(SolutionConfigurationPlatforms) = preSolution
		Debug|Any CPU = Debug|Any CPU
		Release|Any CPU = Release|Any CPU
	EndGlobalSection
	GlobalSection(ProjectConfigurationPlatforms) = postSolution
		{AFDDBF88-1226-4FD0-B1DD-9FB0095E11DC}.Debug|Any CPU.ActiveCfg = Debug|Any CPU
		{AFDDBF88-1226-4FD0-B1DD-9FB0095E11DC}.Debug|Any CPU.Build.0 = Debug|Any CPU
		{AFDDBF88-1226-4FD0-B1DD-9FB0095E11DC}.Release|Any CPU.ActiveCfg = Release|Any CPU
		{AFDDBF88-1226-4FD0-B1DD-9FB0095E11DC}.Release|Any CPU.Build.0 = Release|Any CPU
	EndGlobalSection
	GlobalSection(SolutionProperties) = preSolution
		HideSolutionNode = FALSE
	EndGlobalSection
	GlobalSection(ExtensibilityGlobals) = postSolution
		SolutionGuid = {7CF79241-90B3-4A39-9C2F-CAE9E3CEFB13}
	EndGlobalSection
EndGlobal
